# This file was autogenerated by Stack.
# You should not edit this file by hand.
# For more information, please see the documentation at:
#   https://docs.haskellstack.org/en/stable/lock_files

packages:
- completed:
    hackage: currency-0.2.0.0@sha256:7cb443409ad619abd9d8688db553f60c738c76b41222df5fc99b3c642d42c544,1457
    pantry-tree:
      size: 261
      sha256: 8ff3883593d9fb1c869671ee6c42e245aa015c4e1941f5986e8175b9adbf2f67
  original:
    hackage: currency-0.2.0.0
- completed:
    hackage: hspec-stack-rerun-0.1.0.3@sha256:1c983d62f4dcddb20b9e9bf11d99f832a4af59e0aed147669e998e75b10fcdff,660
    pantry-tree:
      size: 213
      sha256: 130cba1c0e5ba0f93cb79c010e9ab940e3da1aa505ce7aafdf5b860bc1e0c0d4
  original:
    hackage: hspec-stack-rerun-0.1.0.3
snapshots:
- completed:
    size: 509471
    url: https://raw.githubusercontent.com/commercialhaskell/stackage-snapshots/master/lts/12/26.yaml
    sha256: 95f014df58d0679b1c4a2b7bf2b652b61da8d30de5f571abb0d59015ef678646
  original: lts-12.26
